
Microsoft Visual Studio Solution File, Format Version 12.00
Project("{FAE04EC0-301F-11D3-BF4B-00C04F79EFBC}") = "ExpressionShortcuts", "ExpressionShortcuts\ExpressionShortcuts.csproj", "{E7FF238C-CDA7-40A9-B5AF-BDA973F59690}"
EndProject
Project("{FAE04EC0-301F-11D3-BF4B-00C04F79EFBC}") = "ExpressionShortcuts.Tests", "ExpressionShortcuts.Tests\ExpressionShortcuts.Tests.csproj", "{E7205731-1ED3-45D3-90C3-77C318D0444B}"
EndProject
Project("{2150E333-8FDC-42A3-9474-1A3956D46DE8}") = "src", "src", "{2743C946-81F1-4F7D-AB0D-48FE6A967A83}"
EndProject
Project("{2150E333-8FDC-42A3-9474-1A3956D46DE8}") = "test", "test", "{99EFB910-6BEB-43D2-9CB1-14D96BD793A4}"
EndProject
Project("{FAE04EC0-301F-11D3-BF4B-00C04F79EFBC}") = "Microsoft.CSharp.Expressions", "Microsoft.CSharp.Expressions\Microsoft.CSharp.Expressions.csproj", "{0B4ABF8E-903E-4CD1-BA20-4521ED5D1BE8}"
EndProject
Global
	GlobalSection(SolutionConfigurationPlatforms) = preSolution
		Debug|Any CPU = Debug|Any CPU
		Release|Any CPU = Release|Any CPU
		Source|Any CPU = Source|Any CPU
	EndGlobalSection
	GlobalSection(ProjectConfigurationPlatforms) = postSolution
		{E7205731-1ED3-45D3-90C3-77C318D0444B}.Debug|Any CPU.ActiveCfg = Debug|Any CPU
		{E7205731-1ED3-45D3-90C3-77C318D0444B}.Debug|Any CPU.Build.0 = Debug|Any CPU
		{E7205731-1ED3-45D3-90C3-77C318D0444B}.Release|Any CPU.ActiveCfg = Release|Any CPU
		{E7205731-1ED3-45D3-90C3-77C318D0444B}.Release|Any CPU.Build.0 = Release|Any CPU
		{E7205731-1ED3-45D3-90C3-77C318D0444B}.Source|Any CPU.ActiveCfg = Debug|Any CPU
		{E7205731-1ED3-45D3-90C3-77C318D0444B}.Source|Any CPU.Build.0 = Debug|Any CPU
		{E7FF238C-CDA7-40A9-B5AF-BDA973F59690}.Release|Any CPU.ActiveCfg = Release|Any CPU
		{E7FF238C-CDA7-40A9-B5AF-BDA973F59690}.Release|Any CPU.Build.0 = Release|Any CPU
		{E7FF238C-CDA7-40A9-B5AF-BDA973F59690}.Debug|Any CPU.ActiveCfg = Debug|Any CPU
		{E7FF238C-CDA7-40A9-B5AF-BDA973F59690}.Debug|Any CPU.Build.0 = Debug|Any CPU
		{E7FF238C-CDA7-40A9-B5AF-BDA973F59690}.Source|Any CPU.ActiveCfg = Source|Any CPU
		{E7FF238C-CDA7-40A9-B5AF-BDA973F59690}.Source|Any CPU.Build.0 = Source|Any CPU
		{0B4ABF8E-903E-4CD1-BA20-4521ED5D1BE8}.Debug|Any CPU.ActiveCfg = Debug|Any CPU
		{0B4ABF8E-903E-4CD1-BA20-4521ED5D1BE8}.Debug|Any CPU.Build.0 = Debug|Any CPU
		{0B4ABF8E-903E-4CD1-BA20-4521ED5D1BE8}.Release|Any CPU.ActiveCfg = Release|Any CPU
		{0B4ABF8E-903E-4CD1-BA20-4521ED5D1BE8}.Release|Any CPU.Build.0 = Release|Any CPU
		{0B4ABF8E-903E-4CD1-BA20-4521ED5D1BE8}.Source|Any CPU.ActiveCfg = Source|Any CPU
		{0B4ABF8E-903E-4CD1-BA20-4521ED5D1BE8}.Source|Any CPU.Build.0 = Source|Any CPU
	EndGlobalSection
	GlobalSection(NestedProjects) = preSolution
		{E7FF238C-CDA7-40A9-B5AF-BDA973F59690} = {2743C946-81F1-4F7D-AB0D-48FE6A967A83}
		{E7205731-1ED3-45D3-90C3-77C318D0444B} = {99EFB910-6BEB-43D2-9CB1-14D96BD793A4}
		{0B4ABF8E-903E-4CD1-BA20-4521ED5D1BE8} = {2743C946-81F1-4F7D-AB0D-48FE6A967A83}
	EndGlobalSection
EndGlobal
